
Microsoft Visual Studio Solution File, Format Version 12.00
Project("{FAE04EC0-301F-11D3-BF4B-00C04F79EFBC}") = "ClientApp", "ClientApp\ClientApp.csproj", "{1339AA70-86C7-460A-AD83-D8C7C9B7B0A2}"
EndProject
Global
	GlobalSection(SolutionConfigurationPlatforms) = preSolution
		Debug|Any CPU = Debug|Any CPU
		Release|Any CPU = Release|Any CPU
	EndGlobalSection
	GlobalSection(ProjectConfigurationPlatforms) = postSolution
		{1339AA70-86C7-460A-AD83-D8C7C9B7B0A2}.Debug|Any CPU.ActiveCfg = Debug|Any CPU
		{1339AA70-86C7-460A-AD83-D8C7C9B7B0A2}.Debug|Any CPU.Build.0 = Debug|Any CPU
		{1339AA70-86C7-460A-AD83-D8C7C9B7B0A2}.Release|Any CPU.ActiveCfg = Release|Any CPU
		{1339AA70-86C7-460A-AD83-D8C7C9B7B0A2}.Release|Any CPU.Build.0 = Release|Any CPU
	EndGlobalSection
EndGlobal
